
Microsoft Visual Studio Solution File, Format Version 12.00
# Visual Studio Version 17
VisualStudioVersion = 17.0.31903.59
MinimumVisualStudioVersion = 10.0.40219.1
Project("{2150E333-8FDC-42A3-9474-1A3956D46DE8}") = "src", "src", "{827E0CD3-B72D-47B6-A68D-7590B98EB39B}"
EndProject
Project("{FAE04EC0-301F-11D3-BF4B-00C04F79EFBC}") = "Ntilde.App", "src\Ntilde.App\Ntilde.App.csproj", "{3216A4F7-15A0-4B66-93DB-20F1E685C66A}"
EndProject
Project("{FAE04EC0-301F-11D3-BF4B-00C04F79EFBC}") = "Ntilde.VT", "src\Ntilde.VT\Ntilde.VT.csproj", "{36B01B02-235C-4941-AA93-7F81C1D4948C}"
EndProject
Project("{FAE04EC0-301F-11D3-BF4B-00C04F79EFBC}") = "Ntilde.Rendering", "src\Ntilde.Rendering\Ntilde.Rendering.csproj", "{75E5223B-2889-46DE-A3E1-FD1D7B3CE6FC}"
EndProject
Project("{FAE04EC0-301F-11D3-BF4B-00C04F79EFBC}") = "Ntilde.Pty", "src\Ntilde.Pty\Ntilde.Pty.csproj", "{427D86A6-3048-4D48-86A2-DDD6334B4CD5}"
EndProject
Project("{FAE04EC0-301F-11D3-BF4B-00C04F79EFBC}") = "Ntilde.Replay", "src\Ntilde.Replay\Ntilde.Replay.csproj", "{E5F14A49-50E5-4EA3-AE47-0B8CCABB789C}"
EndProject
Project("{2150E333-8FDC-42A3-9474-1A3956D46DE8}") = "tests", "tests", "{0AB3BF05-4346-4AA6-1389-037BE0695223}"
EndProject
Project("{FAE04EC0-301F-11D3-BF4B-00C04F79EFBC}") = "Ntilde.App.Tests", "tests\Ntilde.App.Tests\Ntilde.App.Tests.csproj", "{4A93ABB3-6D89-46B7-B976-4C186E1DFFF5}"
EndProject
Project("{FAE04EC0-301F-11D3-BF4B-00C04F79EFBC}") = "Ntilde.Benchmarks", "tests\Ntilde.Benchmarks\Ntilde.Benchmarks.csproj", "{29FD5B8C-7247-4FA8-881F-3B5BD57B233C}"
EndProject
Project("{FAE04EC0-301F-11D3-BF4B-00C04F79EFBC}") = "Ntilde.Platform", "src\Ntilde.Platform\Ntilde.Platform.csproj", "{8B42DC16-B2C8-4618-8854-D90570AD3BEA}"
EndProject
Project("{FAE04EC0-301F-11D3-BF4B-00C04F79EFBC}") = "Ntilde.Cli", "src\Ntilde.Cli\Ntilde.Cli.csproj", "{C1B18C34-97C2-4A49-9D4D-6DD1E4420A5F}"
EndProject
Project("{FAE04EC0-301F-11D3-BF4B-00C04F79EFBC}") = "Ntilde.Platform.Tests", "tests\Ntilde.Platform.Tests\Ntilde.Platform.Tests.csproj", "{ABA0C905-4895-4725-B271-DAD27C2DD189}"
EndProject
Project("{FAE04EC0-301F-11D3-BF4B-00C04F79EFBC}") = "Ntilde.Conformance", "src\Ntilde.Conformance\Ntilde.Conformance.csproj", "{74074EA6-AEFE-4950-9061-37D0F7359B77}"
EndProject
Project("{FAE04EC0-301F-11D3-BF4B-00C04F79EFBC}") = "Ntilde.ExternalSuites", "tests\Ntilde.ExternalSuites\Ntilde.ExternalSuites.csproj", "{46840AF6-2510-43A4-81D6-6AD53D83DAB7}"
EndProject
Project("{FAE04EC0-301F-11D3-BF4B-00C04F79EFBC}") = "Ntilde.Architecture.Tests", "tests\Ntilde.Architecture.Tests\Ntilde.Architecture.Tests.csproj", "{B62BD46D-4C93-4406-B598-0A58714F1937}"
EndProject
Project("{FAE04EC0-301F-11D3-BF4B-00C04F79EFBC}") = "Ntilde.VT.Tests", "tests\Ntilde.VT.Tests\Ntilde.VT.Tests.csproj", "{C480ADFF-F69D-4383-9A87-6300FC525F13}"
EndProject
Project("{FAE04EC0-301F-11D3-BF4B-00C04F79EFBC}") = "Ntilde.Rendering.Tests", "tests\Ntilde.Rendering.Tests\Ntilde.Rendering.Tests.csproj", "{39F1F320-2266-487E-98D8-43BE0FECD0A4}"
EndProject
Project("{FAE04EC0-301F-11D3-BF4B-00C04F79EFBC}") = "Ntilde.McpServer", "src\Ntilde.McpServer\Ntilde.McpServer.csproj", "{4B799A42-DE84-4393-89E9-B7B1EFFFA02D}"
EndProject
Project("{FAE04EC0-301F-11D3-BF4B-00C04F79EFBC}") = "Ntilde.McpServer.Tests", "tests\Ntilde.McpServer.Tests\Ntilde.McpServer.Tests.csproj", "{254C6074-5012-4A10-BBA4-E14953766E7F}"
EndProject
Project("{FAE04EC0-301F-11D3-BF4B-00C04F79EFBC}") = "Ntilde.AgentHost.Contracts", "src\Ntilde.AgentHost.Contracts\Ntilde.AgentHost.Contracts.csproj", "{A7C4E9D1-6B2F-4E8A-9F31-5D8C7B0A2E64}"
EndProject
Project("{FAE04EC0-301F-11D3-BF4B-00C04F79EFBC}") = "Ntilde.CommandAssist", "src\Ntilde.CommandAssist\Ntilde.CommandAssist.csproj", "{5C0E7A31-9D24-4F17-8B6E-2A93C1F40D58}"
EndProject
Project("{FAE04EC0-301F-11D3-BF4B-00C04F79EFBC}") = "Ntilde.Backup", "src\Ntilde.Backup\Ntilde.Backup.csproj", "{77C2766D-8D87-43D3-BE92-42910ACFB648}"
EndProject
Project("{FAE04EC0-301F-11D3-BF4B-00C04F79EFBC}") = "Ntilde.VtContract", "src\Ntilde.VtContract\Ntilde.VtContract.csproj", "{371D13FE-6F65-4AEA-9426-E6C954A572BD}"
EndProject
Global
	GlobalSection(SolutionConfigurationPlatforms) = preSolution
		Debug|Any CPU = Debug|Any CPU
		Debug|x64 = Debug|x64
		Debug|x86 = Debug|x86
		Release|Any CPU = Release|Any CPU
		Release|x64 = Release|x64
		Release|x86 = Release|x86
	EndGlobalSection
	GlobalSection(ProjectConfigurationPlatforms) = postSolution
		{3216A4F7-15A0-4B66-93DB-20F1E685C66A}.Debug|Any CPU.ActiveCfg = Debug|Any CPU
		{3216A4F7-15A0-4B66-93DB-20F1E685C66A}.Debug|Any CPU.Build.0 = Debug|Any CPU
		{3216A4F7-15A0-4B66-93DB-20F1E685C66A}.Debug|x64.ActiveCfg = Debug|Any CPU
		{3216A4F7-15A0-4B66-93DB-20F1E685C66A}.Debug|x64.Build.0 = Debug|Any CPU
		{3216A4F7-15A0-4B66-93DB-20F1E685C66A}.Debug|x86.ActiveCfg = Debug|Any CPU
		{3216A4F7-15A0-4B66-93DB-20F1E685C66A}.Debug|x86.Build.0 = Debug|Any CPU
		{3216A4F7-15A0-4B66-93DB-20F1E685C66A}.Release|Any CPU.ActiveCfg = Release|Any CPU
		{3216A4F7-15A0-4B66-93DB-20F1E685C66A}.Release|Any CPU.Build.0 = Release|Any CPU
		{3216A4F7-15A0-4B66-93DB-20F1E685C66A}.Release|x64.ActiveCfg = Release|Any CPU
		{3216A4F7-15A0-4B66-93DB-20F1E685C66A}.Release|x64.Build.0 = Release|Any CPU
		{3216A4F7-15A0-4B66-93DB-20F1E685C66A}.Release|x86.ActiveCfg = Release|Any CPU
		{3216A4F7-15A0-4B66-93DB-20F1E685C66A}.Release|x86.Build.0 = Release|Any CPU
		{36B01B02-235C-4941-AA93-7F81C1D4948C}.Debug|Any CPU.ActiveCfg = Debug|Any CPU
		{36B01B02-235C-4941-AA93-7F81C1D4948C}.Debug|Any CPU.Build.0 = Debug|Any CPU
		{36B01B02-235C-4941-AA93-7F81C1D4948C}.Debug|x64.ActiveCfg = Debug|Any CPU
		{36B01B02-235C-4941-AA93-7F81C1D4948C}.Debug|x64.Build.0 = Debug|Any CPU
		{36B01B02-235C-4941-AA93-7F81C1D4948C}.Debug|x86.ActiveCfg = Debug|Any CPU
		{36B01B02-235C-4941-AA93-7F81C1D4948C}.Debug|x86.Build.0 = Debug|Any CPU
		{36B01B02-235C-4941-AA93-7F81C1D4948C}.Release|Any CPU.ActiveCfg = Release|Any CPU
		{36B01B02-235C-4941-AA93-7F81C1D4948C}.Release|Any CPU.Build.0 = Release|Any CPU
		{36B01B02-235C-4941-AA93-7F81C1D4948C}.Release|x64.ActiveCfg = Release|Any CPU
		{36B01B02-235C-4941-AA93-7F81C1D4948C}.Release|x64.Build.0 = Release|Any CPU
		{36B01B02-235C-4941-AA93-7F81C1D4948C}.Release|x86.ActiveCfg = Release|Any CPU
		{36B01B02-235C-4941-AA93-7F81C1D4948C}.Release|x86.Build.0 = Release|Any CPU
		{75E5223B-2889-46DE-A3E1-FD1D7B3CE6FC}.Debug|Any CPU.ActiveCfg = Debug|Any CPU
		{75E5223B-2889-46DE-A3E1-FD1D7B3CE6FC}.Debug|Any CPU.Build.0 = Debug|Any CPU
		{75E5223B-2889-46DE-A3E1-FD1D7B3CE6FC}.Debug|x64.ActiveCfg = Debug|Any CPU
		{75E5223B-2889-46DE-A3E1-FD1D7B3CE6FC}.Debug|x64.Build.0 = Debug|Any CPU
		{75E5223B-2889-46DE-A3E1-FD1D7B3CE6FC}.Debug|x86.ActiveCfg = Debug|Any CPU
		{75E5223B-2889-46DE-A3E1-FD1D7B3CE6FC}.Debug|x86.Build.0 = Debug|Any CPU
		{75E5223B-2889-46DE-A3E1-FD1D7B3CE6FC}.Release|Any CPU.ActiveCfg = Release|Any CPU
		{75E5223B-2889-46DE-A3E1-FD1D7B3CE6FC}.Release|Any CPU.Build.0 = Release|Any CPU
		{75E5223B-2889-46DE-A3E1-FD1D7B3CE6FC}.Release|x64.ActiveCfg = Release|Any CPU
		{75E5223B-2889-46DE-A3E1-FD1D7B3CE6FC}.Release|x64.Build.0 = Release|Any CPU
		{75E5223B-2889-46DE-A3E1-FD1D7B3CE6FC}.Release|x86.ActiveCfg = Release|Any CPU
		{75E5223B-2889-46DE-A3E1-FD1D7B3CE6FC}.Release|x86.Build.0 = Release|Any CPU
		{427D86A6-3048-4D48-86A2-DDD6334B4CD5}.Debug|Any CPU.ActiveCfg = Debug|Any CPU
		{427D86A6-3048-4D48-86A2-DDD6334B4CD5}.Debug|Any CPU.Build.0 = Debug|Any CPU
		{427D86A6-3048-4D48-86A2-DDD6334B4CD5}.Debug|x64.ActiveCfg = Debug|Any CPU
		{427D86A6-3048-4D48-86A2-DDD6334B4CD5}.Debug|x64.Build.0 = Debug|Any CPU
		{427D86A6-3048-4D48-86A2-DDD6334B4CD5}.Debug|x86.ActiveCfg = Debug|Any CPU
		{427D86A6-3048-4D48-86A2-DDD6334B4CD5}.Debug|x86.Build.0 = Debug|Any CPU
		{427D86A6-3048-4D48-86A2-DDD6334B4CD5}.Release|Any CPU.ActiveCfg = Release|Any CPU
		{427D86A6-3048-4D48-86A2-DDD6334B4CD5}.Release|Any CPU.Build.0 = Release|Any CPU
		{427D86A6-3048-4D48-86A2-DDD6334B4CD5}.Release|x64.ActiveCfg = Release|Any CPU
		{427D86A6-3048-4D48-86A2-DDD6334B4CD5}.Release|x64.Build.0 = Release|Any CPU
		{427D86A6-3048-4D48-86A2-DDD6334B4CD5}.Release|x86.ActiveCfg = Release|Any CPU
		{427D86A6-3048-4D48-86A2-DDD6334B4CD5}.Release|x86.Build.0 = Release|Any CPU
		{E5F14A49-50E5-4EA3-AE47-0B8CCABB789C}.Debug|Any CPU.ActiveCfg = Debug|Any CPU
		{E5F14A49-50E5-4EA3-AE47-0B8CCABB789C}.Debug|Any CPU.Build.0 = Debug|Any CPU
		{E5F14A49-50E5-4EA3-AE47-0B8CCABB789C}.Debug|x64.ActiveCfg = Debug|Any CPU
		{E5F14A49-50E5-4EA3-AE47-0B8CCABB789C}.Debug|x64.Build.0 = Debug|Any CPU
		{E5F14A49-50E5-4EA3-AE47-0B8CCABB789C}.Debug|x86.ActiveCfg = Debug|Any CPU
		{E5F14A49-50E5-4EA3-AE47-0B8CCABB789C}.Debug|x86.Build.0 = Debug|Any CPU
		{E5F14A49-50E5-4EA3-AE47-0B8CCABB789C}.Release|Any CPU.ActiveCfg = Release|Any CPU
		{E5F14A49-50E5-4EA3-AE47-0B8CCABB789C}.Release|Any CPU.Build.0 = Release|Any CPU
		{E5F14A49-50E5-4EA3-AE47-0B8CCABB789C}.Release|x64.ActiveCfg = Release|Any CPU
		{E5F14A49-50E5-4EA3-AE47-0B8CCABB789C}.Release|x64.Build.0 = Release|Any CPU
		{E5F14A49-50E5-4EA3-AE47-0B8CCABB789C}.Release|x86.ActiveCfg = Release|Any CPU
		{E5F14A49-50E5-4EA3-AE47-0B8CCABB789C}.Release|x86.Build.0 = Release|Any CPU
		{4A93ABB3-6D89-46B7-B976-4C186E1DFFF5}.Debug|Any CPU.ActiveCfg = Debug|Any CPU
		{4A93ABB3-6D89-46B7-B976-4C186E1DFFF5}.Debug|Any CPU.Build.0 = Debug|Any CPU
		{4A93ABB3-6D89-46B7-B976-4C186E1DFFF5}.Debug|x64.ActiveCfg = Debug|Any CPU
		{4A93ABB3-6D89-46B7-B976-4C186E1DFFF5}.Debug|x64.Build.0 = Debug|Any CPU
		{4A93ABB3-6D89-46B7-B976-4C186E1DFFF5}.Debug|x86.ActiveCfg = Debug|Any CPU
		{4A93ABB3-6D89-46B7-B976-4C186E1DFFF5}.Debug|x86.Build.0 = Debug|Any CPU
		{4A93ABB3-6D89-46B7-B976-4C186E1DFFF5}.Release|Any CPU.ActiveCfg = Release|Any CPU
		{4A93ABB3-6D89-46B7-B976-4C186E1DFFF5}.Release|Any CPU.Build.0 = Release|Any CPU
		{4A93ABB3-6D89-46B7-B976-4C186E1DFFF5}.Release|x64.ActiveCfg = Release|Any CPU
		{4A93ABB3-6D89-46B7-B976-4C186E1DFFF5}.Release|x64.Build.0 = Release|Any CPU
		{4A93ABB3-6D89-46B7-B976-4C186E1DFFF5}.Release|x86.ActiveCfg = Release|Any CPU
		{4A93ABB3-6D89-46B7-B976-4C186E1DFFF5}.Release|x86.Build.0 = Release|Any CPU
		{29FD5B8C-7247-4FA8-881F-3B5BD57B233C}.Debug|Any CPU.ActiveCfg = Debug|Any CPU
		{29FD5B8C-7247-4FA8-881F-3B5BD57B233C}.Debug|Any CPU.Build.0 = Debug|Any CPU
		{29FD5B8C-7247-4FA8-881F-3B5BD57B233C}.Debug|x64.ActiveCfg = Debug|Any CPU
		{29FD5B8C-7247-4FA8-881F-3B5BD57B233C}.Debug|x64.Build.0 = Debug|Any CPU
		{29FD5B8C-7247-4FA8-881F-3B5BD57B233C}.Debug|x86.ActiveCfg = Debug|Any CPU
		{29FD5B8C-7247-4FA8-881F-3B5BD57B233C}.Debug|x86.Build.0 = Debug|Any CPU
		{29FD5B8C-7247-4FA8-881F-3B5BD57B233C}.Release|Any CPU.ActiveCfg = Release|Any CPU
		{29FD5B8C-7247-4FA8-881F-3B5BD57B233C}.Release|Any CPU.Build.0 = Release|Any CPU
		{29FD5B8C-7247-4FA8-881F-3B5BD57B233C}.Release|x64.ActiveCfg = Release|Any CPU
		{29FD5B8C-7247-4FA8-881F-3B5BD57B233C}.Release|x64.Build.0 = Release|Any CPU
		{29FD5B8C-7247-4FA8-881F-3B5BD57B233C}.Release|x86.ActiveCfg = Release|Any CPU
		{29FD5B8C-7247-4FA8-881F-3B5BD57B233C}.Release|x86.Build.0 = Release|Any CPU
		{8B42DC16-B2C8-4618-8854-D90570AD3BEA}.Debug|Any CPU.ActiveCfg = Debug|Any CPU
		{8B42DC16-B2C8-4618-8854-D90570AD3BEA}.Debug|Any CPU.Build.0 = Debug|Any CPU
		{8B42DC16-B2C8-4618-8854-D90570AD3BEA}.Debug|x64.ActiveCfg = Debug|Any CPU
		{8B42DC16-B2C8-4618-8854-D90570AD3BEA}.Debug|x64.Build.0 = Debug|Any CPU
		{8B42DC16-B2C8-4618-8854-D90570AD3BEA}.Debug|x86.ActiveCfg = Debug|Any CPU
		{8B42DC16-B2C8-4618-8854-D90570AD3BEA}.Debug|x86.Build.0 = Debug|Any CPU
		{8B42DC16-B2C8-4618-8854-D90570AD3BEA}.Release|Any CPU.ActiveCfg = Release|Any CPU
		{8B42DC16-B2C8-4618-8854-D90570AD3BEA}.Release|Any CPU.Build.0 = Release|Any CPU
		{8B42DC16-B2C8-4618-8854-D90570AD3BEA}.Release|x64.ActiveCfg = Release|Any CPU
		{8B42DC16-B2C8-4618-8854-D90570AD3BEA}.Release|x64.Build.0 = Release|Any CPU
		{8B42DC16-B2C8-4618-8854-D90570AD3BEA}.Release|x86.ActiveCfg = Release|Any CPU
		{8B42DC16-B2C8-4618-8854-D90570AD3BEA}.Release|x86.Build.0 = Release|Any CPU
		{C1B18C34-97C2-4A49-9D4D-6DD1E4420A5F}.Debug|Any CPU.ActiveCfg = Debug|Any CPU
		{C1B18C34-97C2-4A49-9D4D-6DD1E4420A5F}.Debug|Any CPU.Build.0 = Debug|Any CPU
		{C1B18C34-97C2-4A49-9D4D-6DD1E4420A5F}.Debug|x64.ActiveCfg = Debug|Any CPU
		{C1B18C34-97C2-4A49-9D4D-6DD1E4420A5F}.Debug|x64.Build.0 = Debug|Any CPU
		{C1B18C34-97C2-4A49-9D4D-6DD1E4420A5F}.Debug|x86.ActiveCfg = Debug|Any CPU
		{C1B18C34-97C2-4A49-9D4D-6DD1E4420A5F}.Debug|x86.Build.0 = Debug|Any CPU
		{C1B18C34-97C2-4A49-9D4D-6DD1E4420A5F}.Release|Any CPU.ActiveCfg = Release|Any CPU
		{C1B18C34-97C2-4A49-9D4D-6DD1E4420A5F}.Release|Any CPU.Build.0 = Release|Any CPU
		{C1B18C34-97C2-4A49-9D4D-6DD1E4420A5F}.Release|x64.ActiveCfg = Release|Any CPU
		{C1B18C34-97C2-4A49-9D4D-6DD1E4420A5F}.Release|x64.Build.0 = Release|Any CPU
		{C1B18C34-97C2-4A49-9D4D-6DD1E4420A5F}.Release|x86.ActiveCfg = Release|Any CPU
		{C1B18C34-97C2-4A49-9D4D-6DD1E4420A5F}.Release|x86.Build.0 = Release|Any CPU
		{ABA0C905-4895-4725-B271-DAD27C2DD189}.Debug|Any CPU.ActiveCfg = Debug|Any CPU
		{ABA0C905-4895-4725-B271-DAD27C2DD189}.Debug|Any CPU.Build.0 = Debug|Any CPU
		{ABA0C905-4895-4725-B271-DAD27C2DD189}.Debug|x64.ActiveCfg = Debug|Any CPU
		{ABA0C905-4895-4725-B271-DAD27C2DD189}.Debug|x64.Build.0 = Debug|Any CPU
		{ABA0C905-4895-4725-B271-DAD27C2DD189}.Debug|x86.ActiveCfg = Debug|Any CPU
		{ABA0C905-4895-4725-B271-DAD27C2DD189}.Debug|x86.Build.0 = Debug|Any CPU
		{ABA0C905-4895-4725-B271-DAD27C2DD189}.Release|Any CPU.ActiveCfg = Release|Any CPU
		{ABA0C905-4895-4725-B271-DAD27C2DD189}.Release|Any CPU.Build.0 = Release|Any CPU
		{ABA0C905-4895-4725-B271-DAD27C2DD189}.Release|x64.ActiveCfg = Release|Any CPU
		{ABA0C905-4895-4725-B271-DAD27C2DD189}.Release|x64.Build.0 = Release|Any CPU
		{ABA0C905-4895-4725-B271-DAD27C2DD189}.Release|x86.ActiveCfg = Release|Any CPU
		{ABA0C905-4895-4725-B271-DAD27C2DD189}.Release|x86.Build.0 = Release|Any CPU
		{74074EA6-AEFE-4950-9061-37D0F7359B77}.Debug|Any CPU.ActiveCfg = Debug|Any CPU
		{74074EA6-AEFE-4950-9061-37D0F7359B77}.Debug|Any CPU.Build.0 = Debug|Any CPU
		{74074EA6-AEFE-4950-9061-37D0F7359B77}.Debug|x64.ActiveCfg = Debug|Any CPU
		{74074EA6-AEFE-4950-9061-37D0F7359B77}.Debug|x64.Build.0 = Debug|Any CPU
		{74074EA6-AEFE-4950-9061-37D0F7359B77}.Debug|x86.ActiveCfg = Debug|Any CPU
		{74074EA6-AEFE-4950-9061-37D0F7359B77}.Debug|x86.Build.0 = Debug|Any CPU
		{74074EA6-AEFE-4950-9061-37D0F7359B77}.Release|Any CPU.ActiveCfg = Release|Any CPU
		{74074EA6-AEFE-4950-9061-37D0F7359B77}.Release|Any CPU.Build.0 = Release|Any CPU
		{74074EA6-AEFE-4950-9061-37D0F7359B77}.Release|x64.ActiveCfg = Release|Any CPU
		{74074EA6-AEFE-4950-9061-37D0F7359B77}.Release|x64.Build.0 = Release|Any CPU
		{74074EA6-AEFE-4950-9061-37D0F7359B77}.Release|x86.ActiveCfg = Release|Any CPU
		{74074EA6-AEFE-4950-9061-37D0F7359B77}.Release|x86.Build.0 = Release|Any CPU
		{46840AF6-2510-43A4-81D6-6AD53D83DAB7}.Debug|Any CPU.ActiveCfg = Debug|Any CPU
		{46840AF6-2510-43A4-81D6-6AD53D83DAB7}.Debug|Any CPU.Build.0 = Debug|Any CPU
		{46840AF6-2510-43A4-81D6-6AD53D83DAB7}.Debug|x64.ActiveCfg = Debug|Any CPU
		{46840AF6-2510-43A4-81D6-6AD53D83DAB7}.Debug|x64.Build.0 = Debug|Any CPU
		{46840AF6-2510-43A4-81D6-6AD53D83DAB7}.Debug|x86.ActiveCfg = Debug|Any CPU
		{46840AF6-2510-43A4-81D6-6AD53D83DAB7}.Debug|x86.Build.0 = Debug|Any CPU
		{46840AF6-2510-43A4-81D6-6AD53D83DAB7}.Release|Any CPU.ActiveCfg = Release|Any CPU
		{46840AF6-2510-43A4-81D6-6AD53D83DAB7}.Release|Any CPU.Build.0 = Release|Any CPU
		{46840AF6-2510-43A4-81D6-6AD53D83DAB7}.Release|x64.ActiveCfg = Release|Any CPU
		{46840AF6-2510-43A4-81D6-6AD53D83DAB7}.Release|x64.Build.0 = Release|Any CPU
		{46840AF6-2510-43A4-81D6-6AD53D83DAB7}.Release|x86.ActiveCfg = Release|Any CPU
		{46840AF6-2510-43A4-81D6-6AD53D83DAB7}.Release|x86.Build.0 = Release|Any CPU
		{B62BD46D-4C93-4406-B598-0A58714F1937}.Debug|Any CPU.ActiveCfg = Debug|Any CPU
		{B62BD46D-4C93-4406-B598-0A58714F1937}.Debug|Any CPU.Build.0 = Debug|Any CPU
		{B62BD46D-4C93-4406-B598-0A58714F1937}.Debug|x64.ActiveCfg = Debug|Any CPU
		{B62BD46D-4C93-4406-B598-0A58714F1937}.Debug|x64.Build.0 = Debug|Any CPU
		{B62BD46D-4C93-4406-B598-0A58714F1937}.Debug|x86.ActiveCfg = Debug|Any CPU
		{B62BD46D-4C93-4406-B598-0A58714F1937}.Debug|x86.Build.0 = Debug|Any CPU
		{B62BD46D-4C93-4406-B598-0A58714F1937}.Release|Any CPU.ActiveCfg = Release|Any CPU
		{B62BD46D-4C93-4406-B598-0A58714F1937}.Release|Any CPU.Build.0 = Release|Any CPU
		{B62BD46D-4C93-4406-B598-0A58714F1937}.Release|x64.ActiveCfg = Release|Any CPU
		{B62BD46D-4C93-4406-B598-0A58714F1937}.Release|x64.Build.0 = Release|Any CPU
		{B62BD46D-4C93-4406-B598-0A58714F1937}.Release|x86.ActiveCfg = Release|Any CPU
		{B62BD46D-4C93-4406-B598-0A58714F1937}.Release|x86.Build.0 = Release|Any CPU
		{C480ADFF-F69D-4383-9A87-6300FC525F13}.Debug|Any CPU.ActiveCfg = Debug|Any CPU
		{C480ADFF-F69D-4383-9A87-6300FC525F13}.Debug|Any CPU.Build.0 = Debug|Any CPU
		{C480ADFF-F69D-4383-9A87-6300FC525F13}.Debug|x64.ActiveCfg = Debug|Any CPU
		{C480ADFF-F69D-4383-9A87-6300FC525F13}.Debug|x64.Build.0 = Debug|Any CPU
		{C480ADFF-F69D-4383-9A87-6300FC525F13}.Debug|x86.ActiveCfg = Debug|Any CPU
		{C480ADFF-F69D-4383-9A87-6300FC525F13}.Debug|x86.Build.0 = Debug|Any CPU
		{C480ADFF-F69D-4383-9A87-6300FC525F13}.Release|Any CPU.ActiveCfg = Release|Any CPU
		{C480ADFF-F69D-4383-9A87-6300FC525F13}.Release|Any CPU.Build.0 = Release|Any CPU
		{C480ADFF-F69D-4383-9A87-6300FC525F13}.Release|x64.ActiveCfg = Release|Any CPU
		{C480ADFF-F69D-4383-9A87-6300FC525F13}.Release|x64.Build.0 = Release|Any CPU
		{C480ADFF-F69D-4383-9A87-6300FC525F13}.Release|x86.ActiveCfg = Release|Any CPU
		{C480ADFF-F69D-4383-9A87-6300FC525F13}.Release|x86.Build.0 = Release|Any CPU
		{39F1F320-2266-487E-98D8-43BE0FECD0A4}.Debug|Any CPU.ActiveCfg = Debug|Any CPU
		{39F1F320-2266-487E-98D8-43BE0FECD0A4}.Debug|Any CPU.Build.0 = Debug|Any CPU
		{39F1F320-2266-487E-98D8-43BE0FECD0A4}.Debug|x64.ActiveCfg = Debug|Any CPU
		{39F1F320-2266-487E-98D8-43BE0FECD0A4}.Debug|x64.Build.0 = Debug|Any CPU
		{39F1F320-2266-487E-98D8-43BE0FECD0A4}.Debug|x86.ActiveCfg = Debug|Any CPU
		{39F1F320-2266-487E-98D8-43BE0FECD0A4}.Debug|x86.Build.0 = Debug|Any CPU
		{39F1F320-2266-487E-98D8-43BE0FECD0A4}.Release|Any CPU.ActiveCfg = Release|Any CPU
		{39F1F320-2266-487E-98D8-43BE0FECD0A4}.Release|Any CPU.Build.0 = Release|Any CPU
		{39F1F320-2266-487E-98D8-43BE0FECD0A4}.Release|x64.ActiveCfg = Release|Any CPU
		{39F1F320-2266-487E-98D8-43BE0FECD0A4}.Release|x64.Build.0 = Release|Any CPU
		{39F1F320-2266-487E-98D8-43BE0FECD0A4}.Release|x86.ActiveCfg = Release|Any CPU
		{39F1F320-2266-487E-98D8-43BE0FECD0A4}.Release|x86.Build.0 = Release|Any CPU
		{4B799A42-DE84-4393-89E9-B7B1EFFFA02D}.Debug|Any CPU.ActiveCfg = Debug|Any CPU
		{4B799A42-DE84-4393-89E9-B7B1EFFFA02D}.Debug|Any CPU.Build.0 = Debug|Any CPU
		{4B799A42-DE84-4393-89E9-B7B1EFFFA02D}.Debug|x64.ActiveCfg = Debug|Any CPU
		{4B799A42-DE84-4393-89E9-B7B1EFFFA02D}.Debug|x64.Build.0 = Debug|Any CPU
		{4B799A42-DE84-4393-89E9-B7B1EFFFA02D}.Debug|x86.ActiveCfg = Debug|Any CPU
		{4B799A42-DE84-4393-89E9-B7B1EFFFA02D}.Debug|x86.Build.0 = Debug|Any CPU
		{4B799A42-DE84-4393-89E9-B7B1EFFFA02D}.Release|Any CPU.ActiveCfg = Release|Any CPU
		{4B799A42-DE84-4393-89E9-B7B1EFFFA02D}.Release|Any CPU.Build.0 = Release|Any CPU
		{4B799A42-DE84-4393-89E9-B7B1EFFFA02D}.Release|x64.ActiveCfg = Release|Any CPU
		{4B799A42-DE84-4393-89E9-B7B1EFFFA02D}.Release|x64.Build.0 = Release|Any CPU
		{4B799A42-DE84-4393-89E9-B7B1EFFFA02D}.Release|x86.ActiveCfg = Release|Any CPU
		{4B799A42-DE84-4393-89E9-B7B1EFFFA02D}.Release|x86.Build.0 = Release|Any CPU
		{254C6074-5012-4A10-BBA4-E14953766E7F}.Debug|Any CPU.ActiveCfg = Debug|Any CPU
		{254C6074-5012-4A10-BBA4-E14953766E7F}.Debug|Any CPU.Build.0 = Debug|Any CPU
		{254C6074-5012-4A10-BBA4-E14953766E7F}.Debug|x64.ActiveCfg = Debug|Any CPU
		{254C6074-5012-4A10-BBA4-E14953766E7F}.Debug|x64.Build.0 = Debug|Any CPU
		{254C6074-5012-4A10-BBA4-E14953766E7F}.Debug|x86.ActiveCfg = Debug|Any CPU
		{254C6074-5012-4A10-BBA4-E14953766E7F}.Debug|x86.Build.0 = Debug|Any CPU
		{254C6074-5012-4A10-BBA4-E14953766E7F}.Release|Any CPU.ActiveCfg = Release|Any CPU
		{254C6074-5012-4A10-BBA4-E14953766E7F}.Release|Any CPU.Build.0 = Release|Any CPU
		{254C6074-5012-4A10-BBA4-E14953766E7F}.Release|x64.ActiveCfg = Release|Any CPU
		{254C6074-5012-4A10-BBA4-E14953766E7F}.Release|x64.Build.0 = Release|Any CPU
		{254C6074-5012-4A10-BBA4-E14953766E7F}.Release|x86.ActiveCfg = Release|Any CPU
		{254C6074-5012-4A10-BBA4-E14953766E7F}.Release|x86.Build.0 = Release|Any CPU
		{A7C4E9D1-6B2F-4E8A-9F31-5D8C7B0A2E64}.Debug|Any CPU.ActiveCfg = Debug|Any CPU
		{A7C4E9D1-6B2F-4E8A-9F31-5D8C7B0A2E64}.Debug|Any CPU.Build.0 = Debug|Any CPU
		{A7C4E9D1-6B2F-4E8A-9F31-5D8C7B0A2E64}.Debug|x64.ActiveCfg = Debug|Any CPU
		{A7C4E9D1-6B2F-4E8A-9F31-5D8C7B0A2E64}.Debug|x64.Build.0 = Debug|Any CPU
		{A7C4E9D1-6B2F-4E8A-9F31-5D8C7B0A2E64}.Debug|x86.ActiveCfg = Debug|Any CPU
		{A7C4E9D1-6B2F-4E8A-9F31-5D8C7B0A2E64}.Debug|x86.Build.0 = Debug|Any CPU
		{A7C4E9D1-6B2F-4E8A-9F31-5D8C7B0A2E64}.Release|Any CPU.ActiveCfg = Release|Any CPU
		{A7C4E9D1-6B2F-4E8A-9F31-5D8C7B0A2E64}.Release|Any CPU.Build.0 = Release|Any CPU
		{A7C4E9D1-6B2F-4E8A-9F31-5D8C7B0A2E64}.Release|x64.ActiveCfg = Release|Any CPU
		{A7C4E9D1-6B2F-4E8A-9F31-5D8C7B0A2E64}.Release|x64.Build.0 = Release|Any CPU
		{A7C4E9D1-6B2F-4E8A-9F31-5D8C7B0A2E64}.Release|x86.ActiveCfg = Release|Any CPU
		{A7C4E9D1-6B2F-4E8A-9F31-5D8C7B0A2E64}.Release|x86.Build.0 = Release|Any CPU
		{5C0E7A31-9D24-4F17-8B6E-2A93C1F40D58}.Debug|Any CPU.ActiveCfg = Debug|Any CPU
		{5C0E7A31-9D24-4F17-8B6E-2A93C1F40D58}.Debug|Any CPU.Build.0 = Debug|Any CPU
		{5C0E7A31-9D24-4F17-8B6E-2A93C1F40D58}.Debug|x64.ActiveCfg = Debug|Any CPU
		{5C0E7A31-9D24-4F17-8B6E-2A93C1F40D58}.Debug|x64.Build.0 = Debug|Any CPU
		{5C0E7A31-9D24-4F17-8B6E-2A93C1F40D58}.Debug|x86.ActiveCfg = Debug|Any CPU
		{5C0E7A31-9D24-4F17-8B6E-2A93C1F40D58}.Debug|x86.Build.0 = Debug|Any CPU
		{5C0E7A31-9D24-4F17-8B6E-2A93C1F40D58}.Release|Any CPU.ActiveCfg = Release|Any CPU
		{5C0E7A31-9D24-4F17-8B6E-2A93C1F40D58}.Release|Any CPU.Build.0 = Release|Any CPU
		{5C0E7A31-9D24-4F17-8B6E-2A93C1F40D58}.Release|x64.ActiveCfg = Release|Any CPU
		{5C0E7A31-9D24-4F17-8B6E-2A93C1F40D58}.Release|x64.Build.0 = Release|Any CPU
		{5C0E7A31-9D24-4F17-8B6E-2A93C1F40D58}.Release|x86.ActiveCfg = Release|Any CPU
		{5C0E7A31-9D24-4F17-8B6E-2A93C1F40D58}.Release|x86.Build.0 = Release|Any CPU
		{77C2766D-8D87-43D3-BE92-42910ACFB648}.Debug|Any CPU.ActiveCfg = Debug|Any CPU
		{77C2766D-8D87-43D3-BE92-42910ACFB648}.Debug|Any CPU.Build.0 = Debug|Any CPU
		{77C2766D-8D87-43D3-BE92-42910ACFB648}.Debug|x64.ActiveCfg = Debug|Any CPU
		{77C2766D-8D87-43D3-BE92-42910ACFB648}.Debug|x64.Build.0 = Debug|Any CPU
		{77C2766D-8D87-43D3-BE92-42910ACFB648}.Debug|x86.ActiveCfg = Debug|Any CPU
		{77C2766D-8D87-43D3-BE92-42910ACFB648}.Debug|x86.Build.0 = Debug|Any CPU
		{77C2766D-8D87-43D3-BE92-42910ACFB648}.Release|Any CPU.ActiveCfg = Release|Any CPU
		{77C2766D-8D87-43D3-BE92-42910ACFB648}.Release|Any CPU.Build.0 = Release|Any CPU
		{77C2766D-8D87-43D3-BE92-42910ACFB648}.Release|x64.ActiveCfg = Release|Any CPU
		{77C2766D-8D87-43D3-BE92-42910ACFB648}.Release|x64.Build.0 = Release|Any CPU
		{77C2766D-8D87-43D3-BE92-42910ACFB648}.Release|x86.ActiveCfg = Release|Any CPU
		{77C2766D-8D87-43D3-BE92-42910ACFB648}.Release|x86.Build.0 = Release|Any CPU
		{371D13FE-6F65-4AEA-9426-E6C954A572BD}.Debug|Any CPU.ActiveCfg = Debug|Any CPU
		{371D13FE-6F65-4AEA-9426-E6C954A572BD}.Debug|Any CPU.Build.0 = Debug|Any CPU
		{371D13FE-6F65-4AEA-9426-E6C954A572BD}.Debug|x64.ActiveCfg = Debug|Any CPU
		{371D13FE-6F65-4AEA-9426-E6C954A572BD}.Debug|x64.Build.0 = Debug|Any CPU
		{371D13FE-6F65-4AEA-9426-E6C954A572BD}.Debug|x86.ActiveCfg = Debug|Any CPU
		{371D13FE-6F65-4AEA-9426-E6C954A572BD}.Debug|x86.Build.0 = Debug|Any CPU
		{371D13FE-6F65-4AEA-9426-E6C954A572BD}.Release|Any CPU.ActiveCfg = Release|Any CPU
		{371D13FE-6F65-4AEA-9426-E6C954A572BD}.Release|Any CPU.Build.0 = Release|Any CPU
		{371D13FE-6F65-4AEA-9426-E6C954A572BD}.Release|x64.ActiveCfg = Release|Any CPU
		{371D13FE-6F65-4AEA-9426-E6C954A572BD}.Release|x64.Build.0 = Release|Any CPU
		{371D13FE-6F65-4AEA-9426-E6C954A572BD}.Release|x86.ActiveCfg = Release|Any CPU
		{371D13FE-6F65-4AEA-9426-E6C954A572BD}.Release|x86.Build.0 = Release|Any CPU
	EndGlobalSection
	GlobalSection(SolutionProperties) = preSolution
		HideSolutionNode = FALSE
	EndGlobalSection
	GlobalSection(NestedProjects) = preSolution
		{3216A4F7-15A0-4B66-93DB-20F1E685C66A} = {827E0CD3-B72D-47B6-A68D-7590B98EB39B}
		{36B01B02-235C-4941-AA93-7F81C1D4948C} = {827E0CD3-B72D-47B6-A68D-7590B98EB39B}
		{75E5223B-2889-46DE-A3E1-FD1D7B3CE6FC} = {827E0CD3-B72D-47B6-A68D-7590B98EB39B}
		{427D86A6-3048-4D48-86A2-DDD6334B4CD5} = {827E0CD3-B72D-47B6-A68D-7590B98EB39B}
		{E5F14A49-50E5-4EA3-AE47-0B8CCABB789C} = {827E0CD3-B72D-47B6-A68D-7590B98EB39B}
		{4A93ABB3-6D89-46B7-B976-4C186E1DFFF5} = {0AB3BF05-4346-4AA6-1389-037BE0695223}
		{29FD5B8C-7247-4FA8-881F-3B5BD57B233C} = {0AB3BF05-4346-4AA6-1389-037BE0695223}
		{8B42DC16-B2C8-4618-8854-D90570AD3BEA} = {827E0CD3-B72D-47B6-A68D-7590B98EB39B}
		{C1B18C34-97C2-4A49-9D4D-6DD1E4420A5F} = {827E0CD3-B72D-47B6-A68D-7590B98EB39B}
		{ABA0C905-4895-4725-B271-DAD27C2DD189} = {0AB3BF05-4346-4AA6-1389-037BE0695223}
		{74074EA6-AEFE-4950-9061-37D0F7359B77} = {827E0CD3-B72D-47B6-A68D-7590B98EB39B}
		{46840AF6-2510-43A4-81D6-6AD53D83DAB7} = {0AB3BF05-4346-4AA6-1389-037BE0695223}
		{B62BD46D-4C93-4406-B598-0A58714F1937} = {0AB3BF05-4346-4AA6-1389-037BE0695223}
		{C480ADFF-F69D-4383-9A87-6300FC525F13} = {0AB3BF05-4346-4AA6-1389-037BE0695223}
		{39F1F320-2266-487E-98D8-43BE0FECD0A4} = {0AB3BF05-4346-4AA6-1389-037BE0695223}
		{4B799A42-DE84-4393-89E9-B7B1EFFFA02D} = {827E0CD3-B72D-47B6-A68D-7590B98EB39B}
		{254C6074-5012-4A10-BBA4-E14953766E7F} = {0AB3BF05-4346-4AA6-1389-037BE0695223}
		{A7C4E9D1-6B2F-4E8A-9F31-5D8C7B0A2E64} = {827E0CD3-B72D-47B6-A68D-7590B98EB39B}
		{5C0E7A31-9D24-4F17-8B6E-2A93C1F40D58} = {827E0CD3-B72D-47B6-A68D-7590B98EB39B}
		{77C2766D-8D87-43D3-BE92-42910ACFB648} = {827E0CD3-B72D-47B6-A68D-7590B98EB39B}
		{371D13FE-6F65-4AEA-9426-E6C954A572BD} = {827E0CD3-B72D-47B6-A68D-7590B98EB39B}
	EndGlobalSection
EndGlobal
